
Microsoft Visual Studio Solution File, Format Version 12.00
# Visual Studio Version 16
VisualStudioVersion = 16.0.30011.22
MinimumVisualStudioVersion = 10.0.40219.1
Project("{FAE04EC0-301F-11D3-BF4B-00C04F79EFBC}") = "CrudNote", "CrudNote.csproj", "{E941789E-C186-45D5-BADF-7245BECFCE62}"
EndProject
Global
	GlobalSection(SolutionConfigurationPlatforms) = preSolution
		Debug|Any CPU = Debug|Any CPU
		Release|Any CPU = Release|Any CPU
	EndGlobalSection
	GlobalSection(ProjectConfigurationPlatforms) = postSolution
		{E941789E-C186-45D5-BADF-7245BECFCE62}.Debug|Any CPU.ActiveCfg = Debug|Any CPU
		{E941789E-C186-45D5-BADF-7245BECFCE62}.Debug|Any CPU.Build.0 = Debug|Any CPU
		{E941789E-C186-45D5-BADF-7245BECFCE62}.Release|Any CPU.ActiveCfg = Release|Any CPU
		{E941789E-C186-45D5-BADF-7245BECFCE62}.Release|Any CPU.Build.0 = Release|Any CPU
	EndGlobalSection
	GlobalSection(SolutionProperties) = preSolution
		HideSolutionNode = FALSE
	EndGlobalSection
	GlobalSection(ExtensibilityGlobals) = postSolution
		SolutionGuid = {9E56E914-900D-4C67-AF70-8D31D0BB6D29}
	EndGlobalSection
EndGlobal
